hash: 46bdde3d82bd81948a320a937bbe5098ac1dc93f8a4fbf2bb4df4b3a641c85fb
updated: 2019-02-08T01:48:57.969732923+05:30
imports:
- name: github.com/gorilla/mux
  version: a7962380ca08b5a188038c69871b8d3fbdf31e89
- name: gopkg.in/mgo.v2
  version: 9856a29383ce1c59f308dd1cf0363a79b5bef6b5
testImports: []
